dependencies:
- name: redis-ha
  repository: https://dandydeveloper.github.io/charts
  version: 4.35.0
- name: jiralert
  repository: https://prometheus-community.github.io/helm-charts
  version: 1.8.1
digest: sha256:d74df025bd96f77cecbaf8218949007433807b80cd67cc48801b1c85ad445ef0
generated: "2025-10-14T13:42:56.077428+02:00"
